// !$*UTF8*$!
{
	archiveVersion = 1;
	classes = {
	};
	objectVersion = 77;
	objects = {

/* Begin PBXContainerItemProxy section */
		5F9753622E198C68008F9010 /* PBXContainerItemProxy */ = {
			isa = PBXContainerItemProxy;
			containerPortal = 5F9753492E198C66008F9010 /* Project object */;
			proxyType = 1;
			remoteGlobalIDString = 5F9753502E198C66008F9010;
			remoteInfo = clipboardapp;
		};
		5F97536C2E198C68008F9010 /* PBXContainerItemProxy */ = {
			isa = PBXContainerItemProxy;
			containerPortal = 5F9753492E198C66008F9010 /* Project object */;
			proxyType = 1;
			remoteGlobalIDString = 5F9753502E198C66008F9010;
			remoteInfo = clipboardapp;
		};
/* End PBXContainerItemProxy section */

/* Begin PBXFileReference section */
		5F9753512E198C66008F9010 /* The Clipboard App.app */ = {isa = PBXFileReference; explicitFileType = wrapper.application; includeInIndex = 0; path = "The Clipboard App.app"; sourceTree = BUILT_PRODUCTS_DIR; };
		5F9753612E198C68008F9010 /* clipboardappTests.xctest */ = {isa = PBXFileReference; explicitFileType = wrapper.cfbundle; includeInIndex = 0; path = clipboardappTests.xctest; sourceTree = BUILT_PRODUCTS_DIR; };
		5F97536B2E198C68008F9010 /* clipboardappUITests.xctest */ = {isa = PBXFileReference; explicitFileType = wrapper.cfbundle; includeInIndex = 0; path = clipboardappUITests.xctest; sourceTree = BUILT_PRODUCTS_DIR; };
/* End PBXFileReference section */

/* Begin PBXFileSystemSynchronizedBuildFileExceptionSet section */
		5FD6340E2E286DFF005E3758 /* Exceptions for "clipboardapp" folder in "theclipboardapp" target */ = {
			isa = PBXFileSystemSynchronizedBuildFileExceptionSet;
			membershipExceptions = (
				Info.plist,
			);
			target = 5F9753502E198C66008F9010 /* theclipboardapp */;
		};
/* End PBXFileSystemSynchronizedBuildFileExceptionSet section */

/* Begin PBXFileSystemSynchronizedRootGroup section */
		5F9753532E198C66008F9010 /* clipboardapp */ = {
			isa = PBXFileSystemSynchronizedRootGroup;
			exceptions = (
				5FD6340E2E286DFF005E3758 /* Exceptions for "clipboardapp" folder in "theclipboardapp" target */,
			);
			path = clipboardapp;
			sourceTree = "<group>";
		};
		5F9753642E198C68008F9010 /* clipboardappTests */ = {
			isa = PBXFileSystemSynchronizedRootGroup;
			path = clipboardappTests;
			sourceTree = "<group>";
		};
		5F97536E2E198C68008F9010 /* clipboardappUITests */ = {
			isa = PBXFileSystemSynchronizedRootGroup;
			path = clipboardappUITests;
			sourceTree = "<group>";
		};
/* End PBXFileSystemSynchronizedRootGroup section */

/* Begin PBXFrameworksBuildPhase section */
		5F97534E2E198C66008F9010 /* Frameworks */ = {
			isa = PBXFrameworksBuildPhase;
			buildActionMask = 2147483647;
			files = (
			);
			runOnlyForDeploymentPostprocessing = 0;
		};
		5F97535E2E198C68008F9010 /* Frameworks */ = {
			isa = PBXFrameworksBuildPhase;
			buildActionMask = 2147483647;
			files = (
			);
			runOnlyForDeploymentPostprocessing = 0;
		};
		5F9753682E198C68008F9010 /* Frameworks */ = {
			isa = PBXFrameworksBuildPhase;
			buildActionMask = 2147483647;
			files = (
			);
			runOnlyForDeploymentPostprocessing = 0;
		};
/* End PBXFrameworksBuildPhase section */

/* Begin PBXGroup section */
		5F9753482E198C66008F9010 = {
			isa = PBXGroup;
			children = (
				5F9753532E198C66008F9010 /* clipboardapp */,
				5F9753642E198C68008F9010 /* clipboardappTests */,
				5F97536E2E198C68008F9010 /* clipboardappUITests */,
				5F9753522E198C66008F9010 /* Products */,
			);
			sourceTree = "<group>";
		};
		5F9753522E198C66008F9010 /* Products */ = {
			isa = PBXGroup;
			children = (
				5F9753512E198C66008F9010 /* The Clipboard App.app */,
				5F9753612E198C68008F9010 /* clipboardappTests.xctest */,
				5F97536B2E198C68008F9010 /* clipboardappUITests.xctest */,
			);
			name = Products;
			sourceTree = "<group>";
		};
/* End PBXGroup section */

/* Begin PBXNativeTarget section */
		5F9753502E198C66008F9010 /* theclipboardapp */ = {
			isa = PBXNativeTarget;
			buildConfigurationList = 5F9753752E198C68008F9010 /* Build configuration list for PBXNativeTarget "theclipboardapp" */;
			buildPhases = (
				5F97534D2E198C66008F9010 /* Sources */,
				5F97534E2E198C66008F9010 /* Frameworks */,
				5F97534F2E198C66008F9010 /* Resources */,
			);
			buildRules = (
			);
			dependencies = (
			);
			fileSystemSynchronizedGroups = (
				5F9753532E198C66008F9010 /* clipboardapp */,
			);
			name = theclipboardapp;
			packageProductDependencies = (
			);
			productName = clipboardapp;
			productReference = 5F9753512E198C66008F9010 /* The Clipboard App.app */;
			productType = "com.apple.product-type.application";
		};
		5F9753602E198C68008F9010 /* clipboardappTests */ = {
			isa = PBXNativeTarget;
			buildConfigurationList = 5F9753782E198C68008F9010 /* Build configuration list for PBXNativeTarget "clipboardappTests" */;
			buildPhases = (
				5F97535D2E198C68008F9010 /* Sources */,
				5F97535E2E198C68008F9010 /* Frameworks */,
				5F97535F2E198C68008F9010 /* Resources */,
			);
			buildRules = (
			);
			dependencies = (
				5F9753632E198C68008F9010 /* PBXTargetDependency */,
			);
			fileSystemSynchronizedGroups = (
				5F9753642E198C68008F9010 /* clipboardappTests */,
			);
			name = clipboardappTests;
			packageProductDependencies = (
			);
			productName = clipboardappTests;
			productReference = 5F9753612E198C68008F9010 /* clipboardappTests.xctest */;
			productType = "com.apple.product-type.bundle.unit-test";
		};
		5F97536A2E198C68008F9010 /* clipboardappUITests */ = {
			isa = PBXNativeTarget;
			buildConfigurationList = 5F97537B2E198C68008F9010 /* Build configuration list for PBXNativeTarget "clipboardappUITests" */;
			buildPhases = (
				5F9753672E198C68008F9010 /* Sources */,
				5F9753682E198C68008F9010 /* Frameworks */,
				5F9753692E198C68008F9010 /* Resources */,
			);
			buildRules = (
			);
			dependencies = (
				5F97536D2E198C68008F9010 /* PBXTargetDependency */,
			);
			fileSystemSynchronizedGroups = (
				5F97536E2E198C68008F9010 /* clipboardappUITests */,
			);
			name = clipboardappUITests;
			packageProductDependencies = (
			);
			productName = clipboardappUITests;
			productReference = 5F97536B2E198C68008F9010 /* clipboardappUITests.xctest */;
			productType = "com.apple.product-type.bundle.ui-testing";
		};
/* End PBXNativeTarget section */

/* Begin PBXProject section */
		5F9753492E198C66008F9010 /* Project object */ = {
			isa = PBXProject;
			attributes = {
				BuildIndependentTargetsInParallel = 1;
				LastSwiftUpdateCheck = 1640;
				LastUpgradeCheck = 1640;
				TargetAttributes = {
					5F9753502E198C66008F9010 = {
						CreatedOnToolsVersion = 16.4;
					};
					5F9753602E198C68008F9010 = {
						CreatedOnToolsVersion = 16.4;
						TestTargetID = 5F9753502E198C66008F9010;
					};
					5F97536A2E198C68008F9010 = {
						CreatedOnToolsVersion = 16.4;
						TestTargetID = 5F9753502E198C66008F9010;
					};
				};
			};
			buildConfigurationList = 5F97534C2E198C66008F9010 /* Build configuration list for PBXProject "clipboardapp" */;
			developmentRegion = en;
			hasScannedForEncodings = 0;
			knownRegions = (
				en,
				Base,
			);
			mainGroup = 5F9753482E198C66008F9010;
			minimizedProjectReferenceProxies = 1;
			packageReferences = (
			);
			preferredProjectObjectVersion = 77;
			productRefGroup = 5F9753522E198C66008F9010 /* Products */;
			projectDirPath = "";
			projectRoot = "";
			targets = (
				5F9753502E198C66008F9010 /* theclipboardapp */,
				5F9753602E198C68008F9010 /* clipboardappTests */,
				5F97536A2E198C68008F9010 /* clipboardappUITests */,
			);
		};
/* End PBXProject section */

/* Begin PBXResourcesBuildPhase section */
		5F97534F2E198C66008F9010 /* Resources */ = {
			isa = PBXResourcesBuildPhase;
			buildActionMask = 2147483647;
			files = (
			);
			runOnlyForDeploymentPostprocessing = 0;
		};
		5F97535F2E198C68008F9010 /* Resources */ = {
			isa = PBXResourcesBuildPhase;
			buildActionMask = 2147483647;
			files = (
			);
			runOnlyForDeploymentPostprocessing = 0;
		};
		5F9753692E198C68008F9010 /* Resources */ = {
			isa = PBXResourcesBuildPhase;
			buildActionMask = 2147483647;
			files = (
			);
			runOnlyForDeploymentPostprocessing = 0;
		};
/* End PBXResourcesBuildPhase section */

/* Begin PBXSourcesBuildPhase section */
		5F97534D2E198C66008F9010 /* Sources */ = {
			isa = PBXSourcesBuildPhase;
			buildActionMask = 2147483647;
			files = (
			);
			runOnlyForDeploymentPostprocessing = 0;
		};
		5F97535D2E198C68008F9010 /* Sources */ = {
			isa = PBXSourcesBuildPhase;
			buildActionMask = 2147483647;
			files = (
			);
			runOnlyForDeploymentPostprocessing = 0;
		};
		5F9753672E198C68008F9010 /* Sources */ = {
			isa = PBXSourcesBuildPhase;
			buildActionMask = 2147483647;
			files = (
			);
			runOnlyForDeploymentPostprocessing = 0;
		};
/* End PBXSourcesBuildPhase section */

/* Begin PBXTargetDependency section */
		5F9753632E198C68008F9010 /* PBXTargetDependency */ = {
			isa = PBXTargetDependency;
			target = 5F9753502E198C66008F9010 /* theclipboardapp */;
			targetProxy = 5F9753622E198C68008F9010 /* PBXContainerItemProxy */;
		};
		5F97536D2E198C68008F9010 /* PBXTargetDependency */ = {
			isa = PBXTargetDependency;
			target = 5F9753502E198C66008F9010 /* theclipboardapp */;
			targetProxy = 5F97536C2E198C68008F9010 /* PBXContainerItemProxy */;
		};
/* End PBXTargetDependency section */

/* Begin XCBuildConfiguration section */
		5F9753732E198C68008F9010 /* Debug */ = {
			isa = XCBuildConfiguration;
			buildSettings = {
				ALWAYS_SEARCH_USER_PATHS = NO;
				ASSETCATALOG_COMPILER_GENERATE_SWIFT_ASSET_SYMBOL_EXTENSIONS = YES;
				CLANG_ANALYZER_NONNULL = YES;
				CLANG_ANALYZER_NUMBER_OBJECT_CONVERSION = YES_AGGRESSIVE;
				CLANG_CXX_LANGUAGE_STANDARD = "gnu++20";
				CLANG_ENABLE_MODULES = YES;
				CLANG_ENABLE_OBJC_ARC = YES;
				CLANG_ENABLE_OBJC_WEAK = YES;
				CLANG_WARN_BLOCK_CAPTURE_AUTORELEASING = YES;
				CLANG_WARN_BOOL_CONVERSION = YES;
				CLANG_WARN_COMMA = YES;
				CLANG_WARN_CONSTANT_CONVERSION = YES;
				CLANG_WARN_DEPRECATED_OBJC_IMPLEMENTATIONS = YES;
				CLANG_WARN_DIRECT_OBJC_ISA_USAGE = YES_ERROR;
				CLANG_WARN_DOCUMENTATION_COMMENTS = YES;
				CLANG_WARN_EMPTY_BODY = YES;
				CLANG_WARN_ENUM_CONVERSION = YES;
				CLANG_WARN_INFINITE_RECURSION = YES;
				CLANG_WARN_INT_CONVERSION = YES;
				CLANG_WARN_NON_LITERAL_NULL_CONVERSION = YES;
				CLANG_WARN_OBJC_IMPLICIT_RETAIN_SELF = YES;
				CLANG_WARN_OBJC_LITERAL_CONVERSION = YES;
				CLANG_WARN_OBJC_ROOT_CLASS = YES_ERROR;
				CLANG_WARN_QUOTED_INCLUDE_IN_FRAMEWORK_HEADER = YES;
				CLANG_WARN_RANGE_LOOP_ANALYSIS = YES;
				CLANG_WARN_STRICT_PROTOTYPES = YES;
				CLANG_WARN_SUSPICIOUS_MOVE = YES;
				CLANG_WARN_UNGUARDED_AVAILABILITY = YES_AGGRESSIVE;
				CLANG_WARN_UNREACHABLE_CODE = YES;
				CLANG_WARN__DUPLICATE_METHOD_MATCH = YES;
				COPY_PHASE_STRIP = NO;
				DEBUG_INFORMATION_FORMAT = dwarf;
				DEVELOPMENT_TEAM = X6ANAH85QC;
				ENABLE_STRICT_OBJC_MSGSEND = YES;
				ENABLE_TESTABILITY = YES;
				ENABLE_USER_SCRIPT_SANDBOXING = YES;
				GCC_C_LANGUAGE_STANDARD = gnu17;
				GCC_DYNAMIC_NO_PIC = NO;
				GCC_NO_COMMON_BLOCKS = YES;
				GCC_OPTIMIZATION_LEVEL = 0;
				GCC_PREPROCESSOR_DEFINITIONS = (
					"DEBUG=1",
					"$(inherited)",
				);
				GCC_WARN_64_TO_32_BIT_CONVERSION = YES;
				GCC_WARN_ABOUT_RETURN_TYPE = YES_ERROR;
				GCC_WARN_UNDECLARED_SELECTOR = YES;
				GCC_WARN_UNINITIALIZED_AUTOS = YES_AGGRESSIVE;
				GCC_WARN_UNUSED_FUNCTION = YES;
				GCC_WARN_UNUSED_VARIABLE = YES;
				LOCALIZATION_PREFERS_STRING_CATALOGS = YES;
				MACOSX_DEPLOYMENT_TARGET = 15.5;
				MTL_ENABLE_DEBUG_INFO = INCLUDE_SOURCE;
				MTL_FAST_MATH = YES;
				ONLY_ACTIVE_ARCH = YES;
				SDKROOT = macosx;
				SWIFT_ACTIVE_COMPILATION_CONDITIONS = "DEBUG $(inherited)";
				SWIFT_OPTIMIZATION_LEVEL = "-Onone";
			};
			name = Debug;
		};
		5F9753742E198C68008F9010 /* Release */ = {
			isa = XCBuildConfiguration;
			buildSettings = {
				ALWAYS_SEARCH_USER_PATHS = NO;
				ASSETCATALOG_COMPILER_GENERATE_SWIFT_ASSET_SYMBOL_EXTENSIONS = YES;
				CLANG_ANALYZER_NONNULL = YES;
				CLANG_ANALYZER_NUMBER_OBJECT_CONVERSION = YES_AGGRESSIVE;
				CLANG_CXX_LANGUAGE_STANDARD = "gnu++20";
				CLANG_ENABLE_MODULES = YES;
				CLANG_ENABLE_OBJC_ARC = YES;
				CLANG_ENABLE_OBJC_WEAK = YES;
				CLANG_WARN_BLOCK_CAPTURE_AUTORELEASING = YES;
				CLANG_WARN_BOOL_CONVERSION = YES;
				CLANG_WARN_COMMA = YES;
				CLANG_WARN_CONSTANT_CONVERSION = YES;
				CLANG_WARN_DEPRECATED_OBJC_IMPLEMENTATIONS = YES;
				CLANG_WARN_DIRECT_OBJC_ISA_USAGE = YES_ERROR;
				CLANG_WARN_DOCUMENTATION_COMMENTS = YES;
				CLANG_WARN_EMPTY_BODY = YES;
				CLANG_WARN_ENUM_CONVERSION = YES;
				CLANG_WARN_INFINITE_RECURSION = YES;
				CLANG_WARN_INT_CONVERSION = YES;
				CLANG_WARN_NON_LITERAL_NULL_CONVERSION = YES;
				CLANG_WARN_OBJC_IMPLICIT_RETAIN_SELF = YES;
				CLANG_WARN_OBJC_LITERAL_CONVERSION = YES;
				CLANG_WARN_OBJC_ROOT_CLASS = YES_ERROR;
				CLANG_WARN_QUOTED_INCLUDE_IN_FRAMEWORK_HEADER = YES;
				CLANG_WARN_RANGE_LOOP_ANALYSIS = YES;
				CLANG_WARN_STRICT_PROTOTYPES = YES;
				CLANG_WARN_SUSPICIOUS_MOVE = YES;
				CLANG_WARN_UNGUARDED_AVAILABILITY = YES_AGGRESSIVE;
				CLANG_WARN_UNREACHABLE_CODE = YES;
				CLANG_WARN__DUPLICATE_METHOD_MATCH = YES;
				COPY_PHASE_STRIP = NO;
				DEBUG_INFORMATION_FORMAT = "dwarf-with-dsym";
				DEVELOPMENT_TEAM = X6ANAH85QC;
				ENABLE_NS_ASSERTIONS = NO;
				ENABLE_STRICT_OBJC_MSGSEND = YES;
				ENABLE_USER_SCRIPT_SANDBOXING = YES;
				GCC_C_LANGUAGE_STANDARD = gnu17;
				GCC_NO_COMMON_BLOCKS = YES;
				GCC_WARN_64_TO_32_BIT_CONVERSION = YES;
				GCC_WARN_ABOUT_RETURN_TYPE = YES_ERROR;
				GCC_WARN_UNDECLARED_SELECTOR = YES;
				GCC_WARN_UNINITIALIZED_AUTOS = YES_AGGRESSIVE;
				GCC_WARN_UNUSED_FUNCTION = YES;
				GCC_WARN_UNUSED_VARIABLE = YES;
				LOCALIZATION_PREFERS_STRING_CATALOGS = YES;
				MACOSX_DEPLOYMENT_TARGET = 15.5;
				MTL_ENABLE_DEBUG_INFO = NO;
				MTL_FAST_MATH = YES;
				SDKROOT = macosx;
				SWIFT_COMPILATION_MODE = wholemodule;
			};
			name = Release;
		};
		5F9753762E198C68008F9010 /* Debug */ = {
			isa = XCBuildConfiguration;
			buildSettings = {
				ASSETCATALOG_COMPILER_APPICON_NAME = AppIcon;
				ASSETCATALOG_COMPILER_GLOBAL_ACCENT_COLOR_NAME = AccentColor;
				ASSETCATALOG_COMPILER_INCLUDE_ALL_APPICON_ASSETS = YES;
				CODE_SIGN_ENTITLEMENTS = clipboardapp/clipboardapp.entitlements;
				"CODE_SIGN_IDENTITY[sdk=macosx*]" = "Apple Development";
				CODE_SIGN_STYLE = Automatic;
				COMBINE_HIDPI_IMAGES = YES;
				CURRENT_PROJECT_VERSION = 1;
				DEVELOPMENT_TEAM = FRL5Q6ZUSJ;
				ENABLE_HARDENED_RUNTIME = YES;
				ENABLE_PREVIEWS = YES;
				GENERATE_INFOPLIST_FILE = YES;
				INFOPLIST_FILE = clipboardapp/Info.plist;
				INFOPLIST_KEY_CFBundleDisplayName = "The Clipboard App";
				INFOPLIST_KEY_LSApplicationCategoryType = "public.app-category.productivity";
				INFOPLIST_KEY_LSUIElement = YES;
				INFOPLIST_KEY_NSHumanReadableCopyright = "";
				LD_RUNPATH_SEARCH_PATHS = (
					"$(inherited)",
					"@executable_path/../Frameworks",
				);
				MACOSX_DEPLOYMENT_TARGET = 14.0;
				MARKETING_VERSION = 1.0;
				PRODUCT_BUNDLE_IDENTIFIER = us.hervalicio.theclipboardapp;
				PRODUCT_NAME = "The Clipboard App";
				REGISTER_APP_GROUPS = YES;
				SWIFT_EMIT_LOC_STRINGS = YES;
				SWIFT_VERSION = 5.0;
			};
			name = Debug;
		};
		5F9753772E198C68008F9010 /* Release */ = {
			isa = XCBuildConfiguration;
			buildSettings = {
				ASSETCATALOG_COMPILER_APPICON_NAME = AppIcon;
				ASSETCATALOG_COMPILER_GLOBAL_ACCENT_COLOR_NAME = AccentColor;
				ASSETCATALOG_COMPILER_INCLUDE_ALL_APPICON_ASSETS = YES;
				CODE_SIGN_ENTITLEMENTS = clipboardapp/clipboardapp.entitlements;
				"CODE_SIGN_IDENTITY[sdk=macosx*]" = "Apple Development";
				CODE_SIGN_STYLE = Automatic;
				COMBINE_HIDPI_IMAGES = YES;
				CURRENT_PROJECT_VERSION = 1;
				DEVELOPMENT_TEAM = FRL5Q6ZUSJ;
				ENABLE_HARDENED_RUNTIME = YES;
				ENABLE_PREVIEWS = YES;
				GENERATE_INFOPLIST_FILE = YES;
				INFOPLIST_FILE = clipboardapp/Info.plist;
				INFOPLIST_KEY_CFBundleDisplayName = "The Clipboard App";
				INFOPLIST_KEY_LSApplicationCategoryType = "public.app-category.productivity";
				INFOPLIST_KEY_LSUIElement = YES;
				INFOPLIST_KEY_NSHumanReadableCopyright = "";
				LD_RUNPATH_SEARCH_PATHS = (
					"$(inherited)",
					"@executable_path/../Frameworks",
				);
				MACOSX_DEPLOYMENT_TARGET = 14.0;
				MARKETING_VERSION = 1.0;
				PRODUCT_BUNDLE_IDENTIFIER = us.hervalicio.theclipboardapp;
				PRODUCT_NAME = "The Clipboard App";
				REGISTER_APP_GROUPS = YES;
				SWIFT_EMIT_LOC_STRINGS = YES;
				SWIFT_VERSION = 5.0;
			};
			name = Release;
		};
		5F9753792E198C68008F9010 /* Debug */ = {
			isa = XCBuildConfiguration;
			buildSettings = {
				BUNDLE_LOADER = "$(TEST_HOST)";
				CODE_SIGN_STYLE = Automatic;
				CURRENT_PROJECT_VERSION = 1;
				DEVELOPMENT_TEAM = X6ANAH85QC;
				GENERATE_INFOPLIST_FILE = YES;
				MACOSX_DEPLOYMENT_TARGET = 14.0;
				MARKETING_VERSION = 1.0;
				PRODUCT_BUNDLE_IDENTIFIER = us.hervalicio.clipboardappTests;
				PRODUCT_NAME = "$(TARGET_NAME)";
				SWIFT_EMIT_LOC_STRINGS = NO;
				SWIFT_VERSION = 5.0;
				TEST_HOST = "$(BUILT_PRODUCTS_DIR)/clipboardapp.app/$(BUNDLE_EXECUTABLE_FOLDER_PATH)/clipboardapp";
			};
			name = Debug;
		};
		5F97537A2E198C68008F9010 /* Release */ = {
			isa = XCBuildConfiguration;
			buildSettings = {
				BUNDLE_LOADER = "$(TEST_HOST)";
				CODE_SIGN_STYLE = Automatic;
				CURRENT_PROJECT_VERSION = 1;
				DEVELOPMENT_TEAM = X6ANAH85QC;
				GENERATE_INFOPLIST_FILE = YES;
				MACOSX_DEPLOYMENT_TARGET = 14.0;
				MARKETING_VERSION = 1.0;
				PRODUCT_BUNDLE_IDENTIFIER = us.hervalicio.clipboardappTests;
				PRODUCT_NAME = "$(TARGET_NAME)";
				SWIFT_EMIT_LOC_STRINGS = NO;
				SWIFT_VERSION = 5.0;
				TEST_HOST = "$(BUILT_PRODUCTS_DIR)/clipboardapp.app/$(BUNDLE_EXECUTABLE_FOLDER_PATH)/clipboardapp";
			};
			name = Release;
		};
		5F97537C2E198C68008F9010 /* Debug */ = {
			isa = XCBuildConfiguration;
			buildSettings = {
				CODE_SIGN_STYLE = Automatic;
				CURRENT_PROJECT_VERSION = 1;
				DEVELOPMENT_TEAM = X6ANAH85QC;
				GENERATE_INFOPLIST_FILE = YES;
				MARKETING_VERSION = 1.0;
				PRODUCT_BUNDLE_IDENTIFIER = us.hervalicio.clipboardappUITests;
				PRODUCT_NAME = "$(TARGET_NAME)";
				SWIFT_EMIT_LOC_STRINGS = NO;
				SWIFT_VERSION = 5.0;
				TEST_TARGET_NAME = clipboardapp;
			};
			name = Debug;
		};
		5F97537D2E198C68008F9010 /* Release */ = {
			isa = XCBuildConfiguration;
			buildSettings = {
				CODE_SIGN_STYLE = Automatic;
				CURRENT_PROJECT_VERSION = 1;
				DEVELOPMENT_TEAM = X6ANAH85QC;
				GENERATE_INFOPLIST_FILE = YES;
				MARKETING_VERSION = 1.0;
				PRODUCT_BUNDLE_IDENTIFIER = us.hervalicio.clipboardappUITests;
				PRODUCT_NAME = "$(TARGET_NAME)";
				SWIFT_EMIT_LOC_STRINGS = NO;
				SWIFT_VERSION = 5.0;
				TEST_TARGET_NAME = clipboardapp;
			};
			name = Release;
		};
/* End XCBuildConfiguration section */

/* Begin XCConfigurationList section */
		5F97534C2E198C66008F9010 /* Build configuration list for PBXProject "clipboardapp" */ = {
			isa = XCConfigurationList;
			buildConfigurations = (
				5F9753732E198C68008F9010 /* Debug */,
				5F9753742E198C68008F9010 /* Release */,
			);
			defaultConfigurationIsVisible = 0;
			defaultConfigurationName = Release;
		};
		5F9753752E198C68008F9010 /* Build configuration list for PBXNativeTarget "theclipboardapp" */ = {
			isa = XCConfigurationList;
			buildConfigurations = (
				5F9753762E198C68008F9010 /* Debug */,
				5F9753772E198C68008F9010 /* Release */,
			);
			defaultConfigurationIsVisible = 0;
			defaultConfigurationName = Release;
		};
		5F9753782E198C68008F9010 /* Build configuration list for PBXNativeTarget "clipboardappTests" */ = {
			isa = XCConfigurationList;
			buildConfigurations = (
				5F9753792E198C68008F9010 /* Debug */,
				5F97537A2E198C68008F9010 /* Release */,
			);
			defaultConfigurationIsVisible = 0;
			defaultConfigurationName = Release;
		};
		5F97537B2E198C68008F9010 /* Build configuration list for PBXNativeTarget "clipboardappUITests" */ = {
			isa = XCConfigurationList;
			buildConfigurations = (
				5F97537C2E198C68008F9010 /* Debug */,
				5F97537D2E198C68008F9010 /* Release */,
			);
			defaultConfigurationIsVisible = 0;
			defaultConfigurationName = Release;
		};
/* End XCConfigurationList section */
	};
	rootObject = 5F9753492E198C66008F9010 /* Project object */;
}
